// !$*UTF8*$!
{
	archiveVersion = 1;
	classes = {
	};
	objectVersion = 46;
	objects = {

/* Begin PBXBuildFile section */
		7AC212A31D900DF600EEF052 /* AppDelegate.swift in Sources */ = {isa = PBXBuildFile; fileRef = 7AC212A21D900DF600EEF052 /* AppDelegate.swift */; };
		7AC212A51D900DF600EEF052 /* ViewController.swift in Sources */ = {isa = PBXBuildFile; fileRef = 7AC212A41D900DF600EEF052 /* ViewController.swift */; };
		7AC212A81D900DF600EEF052 /* Main.storyboard in Resources */ = {isa = PBXBuildFile; fileRef = 7AC212A61D900DF600EEF052 /* Main.storyboard */; };
		7AC212AA1D900DF600EEF052 /* Assets.xcassets in Resources */ = {isa = PBXBuildFile; fileRef = 7AC212A91D900DF600EEF052 /* Assets.xcassets */; };
		7AC212AD1D900DF600EEF052 /* LaunchScreen.storyboard in Resources */ = {isa = PBXBuildFile; fileRef = 7AC212AB1D900DF600EEF052 /* LaunchScreen.storyboard */; };
		7AC212B81D900DF600EEF052 /* Speech_recognitionTests.swift in Sources */ = {isa = PBXBuildFile; fileRef = 7AC212B71D900DF600EEF052 /* Speech_recognitionTests.swift */; };
		7AC212C31D900DF600EEF052 /* Speech_recognitionUITests.swift in Sources */ = {isa = PBXBuildFile; fileRef = 7AC212C21D900DF600EEF052 /* Speech_recognitionUITests.swift */; };
/* End PBXBuildFile section */

/* Begin PBXContainerItemProxy section */
		7AC212B41D900DF600EEF052 /* PBXContainerItemProxy */ = {
			isa = PBXContainerItemProxy;
			containerPortal = 7AC212971D900DF500EEF052 /* Project object */;
			proxyType = 1;
			remoteGlobalIDString = 7AC2129E1D900DF500EEF052;
			remoteInfo = "Speech recognition";
		};
		7AC212BF1D900DF600EEF052 /* PBXContainerItemProxy */ = {
			isa = PBXContainerItemProxy;
			containerPortal = 7AC212971D900DF500EEF052 /* Project object */;
			proxyType = 1;
			remoteGlobalIDString = 7AC2129E1D900DF500EEF052;
			remoteInfo = "Speech recognition";
		};
/* End PBXContainerItemProxy section */

/* Begin PBXFileReference section */
		7AC2129F1D900DF500EEF052 /* Speech recognition.app */ = {isa = PBXFileReference; explicitFileType = wrapper.application; includeInIndex = 0; path = "Speech recognition.app"; sourceTree = BUILT_PRODUCTS_DIR; };
		7AC212A21D900DF600EEF052 /* AppDelegate.swift */ = {isa = PBXFileReference; lastKnownFileType = sourcecode.swift; path = AppDelegate.swift; sourceTree = "<group>"; };
		7AC212A41D900DF600EEF052 /* ViewController.swift */ = {isa = PBXFileReference; lastKnownFileType = sourcecode.swift; path = ViewController.swift; sourceTree = "<group>"; };
		7AC212A71D900DF600EEF052 /* Base */ = {isa = PBXFileReference; lastKnownFileType = file.storyboard; name = Base; path = Base.lproj/Main.storyboard; sourceTree = "<group>"; };
		7AC212A91D900DF600EEF052 /* Assets.xcassets */ = {isa = PBXFileReference; lastKnownFileType = folder.assetcatalog; path = Assets.xcassets; sourceTree = "<group>"; };
		7AC212AC1D900DF600EEF052 /* Base */ = {isa = PBXFileReference; lastKnownFileType = file.storyboard; name = Base; path = Base.lproj/LaunchScreen.storyboard; sourceTree = "<group>"; };
		7AC212AE1D900DF600EEF052 /* Info.plist */ = {isa = PBXFileReference; lastKnownFileType = text.plist.xml; path = Info.plist; sourceTree = "<group>"; };
		7AC212B31D900DF600EEF052 /* Speech recognitionTests.xctest */ = {isa = PBXFileReference; explicitFileType = wrapper.cfbundle; includeInIndex = 0; path = "Speech recognitionTests.xctest"; sourceTree = BUILT_PRODUCTS_DIR; };
		7AC212B71D900DF600EEF052 /* Speech_recognitionTests.swift */ = {isa = PBXFileReference; lastKnownFileType = sourcecode.swift; path = Speech_recognitionTests.swift; sourceTree = "<group>"; };
		7AC212B91D900DF600EEF052 /* Info.plist */ = {isa = PBXFileReference; lastKnownFileType = text.plist.xml; path = Info.plist; sourceTree = "<group>"; };
		7AC212BE1D900DF600EEF052 /* Speech recognitionUITests.xctest */ = {isa = PBXFileReference; explicitFileType = wrapper.cfbundle; includeInIndex = 0; path = "Speech recognitionUITests.xctest"; sourceTree = BUILT_PRODUCTS_DIR; };
		7AC212C21D900DF600EEF052 /* Speech_recognitionUITests.swift */ = {isa = PBXFileReference; lastKnownFileType = sourcecode.swift; path = Speech_recognitionUITests.swift; sourceTree = "<group>"; };
		7AC212C41D900DF600EEF052 /* Info.plist */ = {isa = PBXFileReference; lastKnownFileType = text.plist.xml; path = Info.plist; sourceTree = "<group>"; };
/* End PBXFileReference section */

/* Begin PBXFrameworksBuildPhase section */
		7AC2129C1D900DF500EEF052 /* Frameworks */ = {
			isa = PBXFrameworksBuildPhase;
			buildActionMask = 2147483647;
			files = (
			);
			runOnlyForDeploymentPostprocessing = 0;
		};
		7AC212B01D900DF600EEF052 /* Frameworks */ = {
			isa = PBXFrameworksBuildPhase;
			buildActionMask = 2147483647;
			files = (
			);
			runOnlyForDeploymentPostprocessing = 0;
		};
		7AC212BB1D900DF600EEF052 /* Frameworks */ = {
			isa = PBXFrameworksBuildPhase;
			buildActionMask = 2147483647;
			files = (
			);
			runOnlyForDeploymentPostprocessing = 0;
		};
/* End PBXFrameworksBuildPhase section */

/* Begin PBXGroup section */
		7AC212961D900DF500EEF052 = {
			isa = PBXGroup;
			children = (
				7AC212A11D900DF500EEF052 /* Speech recognition */,
				7AC212B61D900DF600EEF052 /* Speech recognitionTests */,
				7AC212C11D900DF600EEF052 /* Speech recognitionUITests */,
				7AC212A01D900DF500EEF052 /* Products */,
			);
			sourceTree = "<group>";
		};
		7AC212A01D900DF500EEF052 /* Products */ = {
			isa = PBXGroup;
			children = (
				7AC2129F1D900DF500EEF052 /* Speech recognition.app */,
				7AC212B31D900DF600EEF052 /* Speech recognitionTests.xctest */,
				7AC212BE1D900DF600EEF052 /* Speech recognitionUITests.xctest */,
			);
			name = Products;
			sourceTree = "<group>";
		};
		7AC212A11D900DF500EEF052 /* Speech recognition */ = {
			isa = PBXGroup;
			children = (
				7AC212A21D900DF600EEF052 /* AppDelegate.swift */,
				7AC212A41D900DF600EEF052 /* ViewController.swift */,
				7AC212A61D900DF600EEF052 /* Main.storyboard */,
				7AC212A91D900DF600EEF052 /* Assets.xcassets */,
				7AC212AB1D900DF600EEF052 /* LaunchScreen.storyboard */,
				7AC212AE1D900DF600EEF052 /* Info.plist */,
			);
			path = "Speech recognition";
			sourceTree = "<group>";
		};
		7AC212B61D900DF600EEF052 /* Speech recognitionTests */ = {
			isa = PBXGroup;
			children = (
				7AC212B71D900DF600EEF052 /* Speech_recognitionTests.swift */,
				7AC212B91D900DF600EEF052 /* Info.plist */,
			);
			path = "Speech recognitionTests";
			sourceTree = "<group>";
		};
		7AC212C11D900DF600EEF052 /* Speech recognitionUITests */ = {
			isa = PBXGroup;
			children = (
				7AC212C21D900DF600EEF052 /* Speech_recognitionUITests.swift */,
				7AC212C41D900DF600EEF052 /* Info.plist */,
			);
			path = "Speech recognitionUITests";
			sourceTree = "<group>";
		};
/* End PBXGroup section */

/* Begin PBXNativeTarget section */
		7AC2129E1D900DF500EEF052 /* Speech recognition */ = {
			isa = PBXNativeTarget;
			buildConfigurationList = 7AC212C71D900DF600EEF052 /* Build configuration list for PBXNativeTarget "Speech recognition" */;
			buildPhases = (
				7AC2129B1D900DF500EEF052 /* Sources */,
				7AC2129C1D900DF500EEF052 /* Frameworks */,
				7AC2129D1D900DF500EEF052 /* Resources */,
			);
			buildRules = (
			);
			dependencies = (
			);
			name = "Speech recognition";
			productName = "Speech recognition";
			productReference = 7AC2129F1D900DF500EEF052 /* Speech recognition.app */;
			productType = "com.apple.product-type.application";
		};
		7AC212B21D900DF600EEF052 /* Speech recognitionTests */ = {
			isa = PBXNativeTarget;
			buildConfigurationList = 7AC212CA1D900DF600EEF052 /* Build configuration list for PBXNativeTarget "Speech recognitionTests" */;
			buildPhases = (
				7AC212AF1D900DF600EEF052 /* Sources */,
				7AC212B01D900DF600EEF052 /* Frameworks */,
				7AC212B11D900DF600EEF052 /* Resources */,
			);
			buildRules = (
			);
			dependencies = (
				7AC212B51D900DF600EEF052 /* PBXTargetDependency */,
			);
			name = "Speech recognitionTests";
			productName = "Speech recognitionTests";
			productReference = 7AC212B31D900DF600EEF052 /* Speech recognitionTests.xctest */;
			productType = "com.apple.product-type.bundle.unit-test";
		};
		7AC212BD1D900DF600EEF052 /* Speech recognitionUITests */ = {
			isa = PBXNativeTarget;
			buildConfigurationList = 7AC212CD1D900DF600EEF052 /* Build configuration list for PBXNativeTarget "Speech recognitionUITests" */;
			buildPhases = (
				7AC212BA1D900DF600EEF052 /* Sources */,
				7AC212BB1D900DF600EEF052 /* Frameworks */,
				7AC212BC1D900DF600EEF052 /* Resources */,
			);
			buildRules = (
			);
			dependencies = (
				7AC212C01D900DF600EEF052 /* PBXTargetDependency */,
			);
			name = "Speech recognitionUITests";
			productName = "Speech recognitionUITests";
			productReference = 7AC212BE1D900DF600EEF052 /* Speech recognitionUITests.xctest */;
			productType = "com.apple.product-type.bundle.ui-testing";
		};
/* End PBXNativeTarget section */

/* Begin PBXProject section */
		7AC212971D900DF500EEF052 /* Project object */ = {
			isa = PBXProject;
			attributes = {
				LastSwiftUpdateCheck = 0800;
				LastUpgradeCheck = 0800;
				ORGANIZATIONNAME = rplay;
				TargetAttributes = {
					7AC2129E1D900DF500EEF052 = {
						CreatedOnToolsVersion = 8.0;
						ProvisioningStyle = Automatic;
					};
					7AC212B21D900DF600EEF052 = {
						CreatedOnToolsVersion = 8.0;
						ProvisioningStyle = Automatic;
						TestTargetID = 7AC2129E1D900DF500EEF052;
					};
					7AC212BD1D900DF600EEF052 = {
						CreatedOnToolsVersion = 8.0;
						ProvisioningStyle = Automatic;
						TestTargetID = 7AC2129E1D900DF500EEF052;
					};
				};
			};
			buildConfigurationList = 7AC2129A1D900DF500EEF052 /* Build configuration list for PBXProject "Speech recognition" */;
			compatibilityVersion = "Xcode 3.2";
			developmentRegion = English;
			hasScannedForEncodings = 0;
			knownRegions = (
				en,
				Base,
			);
			mainGroup = 7AC212961D900DF500EEF052;
			productRefGroup = 7AC212A01D900DF500EEF052 /* Products */;
			projectDirPath = "";
			projectRoot = "";
			targets = (
				7AC2129E1D900DF500EEF052 /* Speech recognition */,
				7AC212B21D900DF600EEF052 /* Speech recognitionTests */,
				7AC212BD1D900DF600EEF052 /* Speech recognitionUITests */,
			);
		};
/* End PBXProject section */

/* Begin PBXResourcesBuildPhase section */
		7AC2129D1D900DF500EEF052 /* Resources */ = {
			isa = PBXResourcesBuildPhase;
			buildActionMask = 2147483647;
			files = (
				7AC212AD1D900DF600EEF052 /* LaunchScreen.storyboard in Resources */,
				7AC212AA1D900DF600EEF052 /* Assets.xcassets in Resources */,
				7AC212A81D900DF600EEF052 /* Main.storyboard in Resources */,
			);
			runOnlyForDeploymentPostprocessing = 0;
		};
		7AC212B11D900DF600EEF052 /* Resources */ = {
			isa = PBXResourcesBuildPhase;
			buildActionMask = 2147483647;
			files = (
			);
			runOnlyForDeploymentPostprocessing = 0;
		};
		7AC212BC1D900DF600EEF052 /* Resources */ = {
			isa = PBXResourcesBuildPhase;
			buildActionMask = 2147483647;
			files = (
			);
			runOnlyForDeploymentPostprocessing = 0;
		};
/* End PBXResourcesBuildPhase section */

/* Begin PBXSourcesBuildPhase section */
		7AC2129B1D900DF500EEF052 /* Sources */ = {
			isa = PBXSourcesBuildPhase;
			buildActionMask = 2147483647;
			files = (
				7AC212A51D900DF600EEF052 /* ViewController.swift in Sources */,
				7AC212A31D900DF600EEF052 /* AppDelegate.swift in Sources */,
			);
			runOnlyForDeploymentPostprocessing = 0;
		};
		7AC212AF1D900DF600EEF052 /* Sources */ = {
			isa = PBXSourcesBuildPhase;
			buildActionMask = 2147483647;
			files = (
				7AC212B81D900DF600EEF052 /* Speech_recognitionTests.swift in Sources */,
			);
			runOnlyForDeploymentPostprocessing = 0;
		};
		7AC212BA1D900DF600EEF052 /* Sources */ = {
			isa = PBXSourcesBuildPhase;
			buildActionMask = 2147483647;
			files = (
				7AC212C31D900DF600EEF052 /* Speech_recognitionUITests.swift in Sources */,
			);
			runOnlyForDeploymentPostprocessing = 0;
		};
/* End PBXSourcesBuildPhase section */

/* Begin PBXTargetDependency section */
		7AC212B51D900DF600EEF052 /* PBXTargetDependency */ = {
			isa = PBXTargetDependency;
			target = 7AC2129E1D900DF500EEF052 /* Speech recognition */;
			targetProxy = 7AC212B41D900DF600EEF052 /* PBXContainerItemProxy */;
		};
		7AC212C01D900DF600EEF052 /* PBXTargetDependency */ = {
			isa = PBXTargetDependency;
			target = 7AC2129E1D900DF500EEF052 /* Speech recognition */;
			targetProxy = 7AC212BF1D900DF600EEF052 /* PBXContainerItemProxy */;
		};
/* End PBXTargetDependency section */

/* Begin PBXVariantGroup section */
		7AC212A61D900DF600EEF052 /* Main.storyboard */ = {
			isa = PBXVariantGroup;
			children = (
				7AC212A71D900DF600EEF052 /* Base */,
			);
			name = Main.storyboard;
			sourceTree = "<group>";
		};
		7AC212AB1D900DF600EEF052 /* LaunchScreen.storyboard */ = {
			isa = PBXVariantGroup;
			children = (
				7AC212AC1D900DF600EEF052 /* Base */,
			);
			name = LaunchScreen.storyboard;
			sourceTree = "<group>";
		};
/* End PBXVariantGroup section */

/* Begin XCBuildConfiguration section */
		7AC212C51D900DF600EEF052 /* Debug */ = {
			isa = XCBuildConfiguration;
			buildSettings = {
				ALWAYS_SEARCH_USER_PATHS = NO;
				CLANG_ANALYZER_NONNULL = YES;
				CLANG_CXX_LANGUAGE_STANDARD = "gnu++0x";
				CLANG_CXX_LIBRARY = "libc++";
				CLANG_ENABLE_MODULES = YES;
				CLANG_ENABLE_OBJC_ARC = YES;
				CLANG_WARN_BOOL_CONVERSION = YES;
				CLANG_WARN_CONSTANT_CONVERSION = YES;
				CLANG_WARN_DIRECT_OBJC_ISA_USAGE = YES_ERROR;
				CLANG_WARN_DOCUMENTATION_COMMENTS = YES;
				CLANG_WARN_EMPTY_BODY = YES;
				CLANG_WARN_ENUM_CONVERSION = YES;
				CLANG_WARN_INFINITE_RECURSION = YES;
				CLANG_WARN_INT_CONVERSION = YES;
				CLANG_WARN_OBJC_ROOT_CLASS = YES_ERROR;
				CLANG_WARN_SUSPICIOUS_MOVES = YES;
				CLANG_WARN_UNREACHABLE_CODE = YES;
				CLANG_WARN__DUPLICATE_METHOD_MATCH = YES;
				"CODE_SIGN_IDENTITY[sdk=iphoneos*]" = "iPhone Developer";
				COPY_PHASE_STRIP = NO;
				DEBUG_INFORMATION_FORMAT = dwarf;
				ENABLE_STRICT_OBJC_MSGSEND = YES;
				ENABLE_TESTABILITY = YES;
				GCC_C_LANGUAGE_STANDARD = gnu99;
				GCC_DYNAMIC_NO_PIC = NO;
				GCC_NO_COMMON_BLOCKS = YES;
				GCC_OPTIMIZATION_LEVEL = 0;
				GCC_PREPROCESSOR_DEFINITIONS = (
					"DEBUG=1",
					"$(inherited)",
				);
				GCC_WARN_64_TO_32_BIT_CONVERSION = YES;
				GCC_WARN_ABOUT_RETURN_TYPE = YES_ERROR;
				GCC_WARN_UNDECLARED_SELECTOR = YES;
				GCC_WARN_UNINITIALIZED_AUTOS = YES_AGGRESSIVE;
				GCC_WARN_UNUSED_FUNCTION = YES;
				GCC_WARN_UNUSED_VARIABLE = YES;
				IPHONEOS_DEPLOYMENT_TARGET = 10.0;
				MTL_ENABLE_DEBUG_INFO = YES;
				ONLY_ACTIVE_ARCH = YES;
				SDKROOT = iphoneos;
				SWIFT_ACTIVE_COMPILATION_CONDITIONS = DEBUG;
				SWIFT_OPTIMIZATION_LEVEL = "-Onone";
			};
			name = Debug;
		};
		7AC212C61D900DF600EEF052 /* Release */ = {
			isa = XCBuildConfiguration;
			buildSettings = {
				ALWAYS_SEARCH_USER_PATHS = NO;
				CLANG_ANALYZER_NONNULL = YES;
				CLANG_CXX_LANGUAGE_STANDARD = "gnu++0x";
				CLANG_CXX_LIBRARY = "libc++";
				CLANG_ENABLE_MODULES = YES;
				CLANG_ENABLE_OBJC_ARC = YES;
				CLANG_WARN_BOOL_CONVERSION = YES;
				CLANG_WARN_CONSTANT_CONVERSION = YES;
				CLANG_WARN_DIRECT_OBJC_ISA_USAGE = YES_ERROR;
				CLANG_WARN_DOCUMENTATION_COMMENTS = YES;
				CLANG_WARN_EMPTY_BODY = YES;
				CLANG_WARN_ENUM_CONVERSION = YES;
				CLANG_WARN_INFINITE_RECURSION = YES;
				CLANG_WARN_INT_CONVERSION = YES;
				CLANG_WARN_OBJC_ROOT_CLASS = YES_ERROR;
				CLANG_WARN_SUSPICIOUS_MOVES = YES;
				CLANG_WARN_UNREACHABLE_CODE = YES;
				CLANG_WARN__DUPLICATE_METHOD_MATCH = YES;
				"CODE_SIGN_IDENTITY[sdk=iphoneos*]" = "iPhone Developer";
				COPY_PHASE_STRIP = NO;
				DEBUG_INFORMATION_FORMAT = "dwarf-with-dsym";
				ENABLE_NS_ASSERTIONS = NO;
				ENABLE_STRICT_OBJC_MSGSEND = YES;
				GCC_C_LANGUAGE_STANDARD = gnu99;
				GCC_NO_COMMON_BLOCKS = YES;
				GCC_WARN_64_TO_32_BIT_CONVERSION = YES;
				GCC_WARN_ABOUT_RETURN_TYPE = YES_ERROR;
				GCC_WARN_UNDECLARED_SELECTOR = YES;
				GCC_WARN_UNINITIALIZED_AUTOS = YES_AGGRESSIVE;
				GCC_WARN_UNUSED_FUNCTION = YES;
				GCC_WARN_UNUSED_VARIABLE = YES;
				IPHONEOS_DEPLOYMENT_TARGET = 10.0;
				MTL_ENABLE_DEBUG_INFO = NO;
				SDKROOT = iphoneos;
				SWIFT_OPTIMIZATION_LEVEL = "-Owholemodule";
				VALIDATE_PRODUCT = YES;
			};
			name = Release;
		};
		7AC212C81D900DF600EEF052 /* Debug */ = {
			isa = XCBuildConfiguration;
			buildSettings = {
				ASSETCATALOG_COMPILER_APPICON_NAME = AppIcon;
				INFOPLIST_FILE = "Speech recognition/Info.plist";
				LD_RUNPATH_SEARCH_PATHS = "$(inherited) @executable_path/Frameworks";
				PRODUCT_BUNDLE_IDENTIFIER = "rplay.Speech-recognition";
				PRODUCT_NAME = "$(TARGET_NAME)";
				SWIFT_VERSION = 3.0;
			};
			name = Debug;
		};
		7AC212C91D900DF600EEF052 /* Release */ = {
			isa = XCBuildConfiguration;
			buildSettings = {
				ASSETCATALOG_COMPILER_APPICON_NAME = AppIcon;
				INFOPLIST_FILE = "Speech recognition/Info.plist";
				LD_RUNPATH_SEARCH_PATHS = "$(inherited) @executable_path/Frameworks";
				PRODUCT_BUNDLE_IDENTIFIER = "rplay.Speech-recognition";
				PRODUCT_NAME = "$(TARGET_NAME)";
				SWIFT_VERSION = 3.0;
			};
			name = Release;
		};
		7AC212CB1D900DF600EEF052 /* Debug */ = {
			isa = XCBuildConfiguration;
			buildSettings = {
				ALWAYS_EMBED_SWIFT_STANDARD_LIBRARIES = YES;
				BUNDLE_LOADER = "$(TEST_HOST)";
				INFOPLIST_FILE = "Speech recognitionTests/Info.plist";
				LD_RUNPATH_SEARCH_PATHS = "$(inherited) @executable_path/Frameworks @loader_path/Frameworks";
				PRODUCT_BUNDLE_IDENTIFIER = "rplay.Speech-recognitionTests";
				PRODUCT_NAME = "$(TARGET_NAME)";
				SWIFT_VERSION = 3.0;
				TEST_HOST = "$(BUILT_PRODUCTS_DIR)/Speech recognition.app/Speech recognition";
			};
			name = Debug;
		};
		7AC212CC1D900DF600EEF052 /* Release */ = {
			isa = XCBuildConfiguration;
			buildSettings = {
				ALWAYS_EMBED_SWIFT_STANDARD_LIBRARIES = YES;
				BUNDLE_LOADER = "$(TEST_HOST)";
				INFOPLIST_FILE = "Speech recognitionTests/Info.plist";
				LD_RUNPATH_SEARCH_PATHS = "$(inherited) @executable_path/Frameworks @loader_path/Frameworks";
				PRODUCT_BUNDLE_IDENTIFIER = "rplay.Speech-recognitionTests";
				PRODUCT_NAME = "$(TARGET_NAME)";
				SWIFT_VERSION = 3.0;
				TEST_HOST = "$(BUILT_PRODUCTS_DIR)/Speech recognition.app/Speech recognition";
			};
			name = Release;
		};
		7AC212CE1D900DF600EEF052 /* Debug */ = {
			isa = XCBuildConfiguration;
			buildSettings = {
				ALWAYS_EMBED_SWIFT_STANDARD_LIBRARIES = YES;
				INFOPLIST_FILE = "Speech recognitionUITests/Info.plist";
				LD_RUNPATH_SEARCH_PATHS = "$(inherited) @executable_path/Frameworks @loader_path/Frameworks";
				PRODUCT_BUNDLE_IDENTIFIER = "rplay.Speech-recognitionUITests";
				PRODUCT_NAME = "$(TARGET_NAME)";
				SWIFT_VERSION = 3.0;
				TEST_TARGET_NAME = "Speech recognition";
			};
			name = Debug;
		};
		7AC212CF1D900DF600EEF052 /* Release */ = {
			isa = XCBuildConfiguration;
			buildSettings = {
				ALWAYS_EMBED_SWIFT_STANDARD_LIBRARIES = YES;
				INFOPLIST_FILE = "Speech recognitionUITests/Info.plist";
				LD_RUNPATH_SEARCH_PATHS = "$(inherited) @executable_path/Frameworks @loader_path/Frameworks";
				PRODUCT_BUNDLE_IDENTIFIER = "rplay.Speech-recognitionUITests";
				PRODUCT_NAME = "$(TARGET_NAME)";
				SWIFT_VERSION = 3.0;
				TEST_TARGET_NAME = "Speech recognition";
			};
			name = Release;
		};
/* End XCBuildConfiguration section */

/* Begin XCConfigurationList section */
		7AC2129A1D900DF500EEF052 /* Build configuration list for PBXProject "Speech recognition" */ = {
			isa = XCConfigurationList;
			buildConfigurations = (
				7AC212C51D900DF600EEF052 /* Debug */,
				7AC212C61D900DF600EEF052 /* Release */,
			);
			defaultConfigurationIsVisible = 0;
			defaultConfigurationName = Release;
		};
		7AC212C71D900DF600EEF052 /* Build configuration list for PBXNativeTarget "Speech recognition" */ = {
			isa = XCConfigurationList;
			buildConfigurations = (
				7AC212C81D900DF600EEF052 /* Debug */,
				7AC212C91D900DF600EEF052 /* Release */,
			);
			defaultConfigurationIsVisible = 0;
		};
		7AC212CA1D900DF600EEF052 /* Build configuration list for PBXNativeTarget "Speech recognitionTests" */ = {
			isa = XCConfigurationList;
			buildConfigurations = (
				7AC212CB1D900DF600EEF052 /* Debug */,
				7AC212CC1D900DF600EEF052 /* Release */,
			);
			defaultConfigurationIsVisible = 0;
		};
		7AC212CD1D900DF600EEF052 /* Build configuration list for PBXNativeTarget "Speech recognitionUITests" */ = {
			isa = XCConfigurationList;
			buildConfigurations = (
				7AC212CE1D900DF600EEF052 /* Debug */,
				7AC212CF1D900DF600EEF052 /* Release */,
			);
			defaultConfigurationIsVisible = 0;
		};
/* End XCConfigurationList section */
	};
	rootObject = 7AC212971D900DF500EEF052 /* Project object */;
}
